
Microsoft Visual Studio Solution File, Format Version 12.00
# Visual Studio Version 17
VisualStudioVersion = 17.11.35431.28
MinimumVisualStudioVersion = 10.0.40219.1
Project("{FAE04EC0-301F-11D3-BF4B-00C04F79EFBC}") = "api-restaurante", "api-restaurante.csproj", "{D3BE066A-A888-4509-9124-7B72FA95E3F3}"
EndProject
Global
	GlobalSection(SolutionConfigurationPlatforms) = preSolution
		Debug|Any CPU = Debug|Any CPU
		Release|Any CPU = Release|Any CPU
	EndGlobalSection
	GlobalSection(ProjectConfigurationPlatforms) = postSolution
		{D3BE066A-A888-4509-9124-7B72FA95E3F3}.Debug|Any CPU.ActiveCfg = Debug|Any CPU
		{D3BE066A-A888-4509-9124-7B72FA95E3F3}.Debug|Any CPU.Build.0 = Debug|Any CPU
		{D3BE066A-A888-4509-9124-7B72FA95E3F3}.Release|Any CPU.ActiveCfg = Release|Any CPU
		{D3BE066A-A888-4509-9124-7B72FA95E3F3}.Release|Any CPU.Build.0 = Release|Any CPU
	EndGlobalSection
	GlobalSection(SolutionProperties) = preSolution
		HideSolutionNode = FALSE
	EndGlobalSection
	GlobalSection(ExtensibilityGlobals) = postSolution
		SolutionGuid = {A4C7F79E-3F4D-469A-AFB3-9A55AFEED09E}
	EndGlobalSection
EndGlobal
